{
  "meteor": {
    "git": "https://github.com/meteor/meteor.git",
    "branch": "master",
    "commit": "9bb2b5447e845c4f483df5e9b42a2c1de5ab909b"
  },
  "dependencies": {
    "basePackages": {
      "router": {},
      "scss": {},
      "presence": {}
    },
    "packages": {
      "router": {
        "git": "https://github.com/tmeasday/meteor-router.git",
        "tag": "v0.5.1",
        "commit": "32e377c7703bb119acccc859fc7296882903cbe7"
      },
      "scss": {
        "git": "https://github.com/fourseven/meteor-scss.git",
        "tag": "v0.5.1.1",
        "commit": "6b142df6fc11f026e4bff1d6828055b3d84ce608"
      },
      "presence": {
        "git": "https://github.com/tmeasday/meteor-presence.git",
        "tag": "v0.2.0",
        "commit": "cb103275ba67e524bf3a9cce4ff0b36f03959d1b"
      },
      "page-js-ie-support": {
        "git": "https://github.com/tmeasday/meteor-page-js-ie-support.git",
        "tag": "v1.3.5",
        "commit": "b99ed8380aefd10b2afc8f18d9eed4dd0d8ea9cb"
      }
    }
  }
}
